{
  "version": 4,
  "terraform_version": "0.12.13",
  "serial": 7,
  "lineage": "ac4c91a9-40a7-031a-6a8a-c3e842b9e242",
  "outputs": {
    "bucket-arn": {
      "value": "arn:aws:s3:::tgedr-generic-app-dev-terraform-state",
      "type": "string"
    },
    "bucket-id": {
      "value": "tgedr-generic-app-dev-terraform-state",
      "type": "string"
    },
    "table-arn": {
      "value": "arn:aws:dynamodb:eu-west-1:041651352119:table/tgedr-generic-app-dev-terraform-state-lock",
      "type": "string"
    },
    "table-id": {
      "value": "tgedr-generic-app-dev-terraform-state-lock",
      "type": "string"
    }
  },
  "resources": [
    {
      "module": "module.tf-remote-state",
      "mode": "managed",
      "type": "aws_dynamodb_table",
      "name": "terraform-state-lock",
      "provider": "provider.aws",
      "instances": [
        {
          "schema_version": 1,
          "attributes": {
            "arn": "arn:aws:dynamodb:eu-west-1:041651352119:table/tgedr-generic-app-dev-terraform-state-lock",
            "attribute": [
              {
                "name": "LockID",
                "type": "S"
              }
            ],
            "billing_mode": "PAY_PER_REQUEST",
            "global_secondary_index": [],
            "hash_key": "LockID",
            "id": "tgedr-generic-app-dev-terraform-state-lock",
            "local_secondary_index": [],
            "name": "tgedr-generic-app-dev-terraform-state-lock",
            "point_in_time_recovery": [
              {
                "enabled": false
              }
            ],
            "range_key": null,
            "read_capacity": 0,
            "replica": [],
            "server_side_encryption": [],
            "stream_arn": "",
            "stream_enabled": false,
            "stream_label": "",
            "stream_view_type": "",
            "tags": null,
            "timeouts": null,
            "ttl": [
              {
                "attribute_name": "",
                "enabled": false
              }
            ],
            "write_capacity": 0
          },
          "private": "eyJlMmJmYjczMC1lY2FhLTExZTYtOGY4OC0zNDM2M2JjN2M0YzAiOnsiY3JlYXRlIjo2MDAwMDAwMDAwMDAsImRlbGV0ZSI6NjAwMDAwMDAwMDAwLCJ1cGRhdGUiOjM2MDAwMDAwMDAwMDB9LCJzY2hlbWFfdmVyc2lvbiI6IjEifQ=="
        }
      ]
    },
    {
      "module": "module.tf-remote-state",
      "mode": "managed",
      "type": "aws_s3_bucket",
      "name": "terraform-state",
      "provider": "provider.aws",
      "instances": [
        {
          "schema_version": 0,
          "attributes": {
            "acceleration_status": "",
            "acl": "private",
            "arn": "arn:aws:s3:::tgedr-generic-app-dev-terraform-state",
            "bucket": "tgedr-generic-app-dev-terraform-state",
            "bucket_domain_name": "tgedr-generic-app-dev-terraform-state.s3.amazonaws.com",
            "bucket_prefix": null,
            "bucket_regional_domain_name": "tgedr-generic-app-dev-terraform-state.s3.eu-west-1.amazonaws.com",
            "cors_rule": [],
            "force_destroy": true,
            "grant": [],
            "hosted_zone_id": "Z1BKCTXD74EZPE",
            "id": "tgedr-generic-app-dev-terraform-state",
            "lifecycle_rule": [],
            "logging": [],
            "object_lock_configuration": [],
            "policy": null,
            "region": "eu-west-1",
            "replication_configuration": [],
            "request_payer": "BucketOwner",
            "server_side_encryption_configuration": [
              {
                "rule": [
                  {
                    "apply_server_side_encryption_by_default": [
                      {
                        "kms_master_key_id": "",
                        "sse_algorithm": "AES256"
                      }
                    ]
                  }
                ]
              }
            ],
            "tags": null,
            "versioning": [
              {
                "enabled": true,
                "mfa_delete": false
              }
            ],
            "website": [],
            "website_domain": null,
            "website_endpoint": null
          },
          "private": "bnVsbA=="
        }
      ]
    }
  ]
}
